
Microsoft Visual Studio Solution File, Format Version 12.00
# Visual Studio Version 17
VisualStudioVersion = 17.11.35312.102
MinimumVisualStudioVersion = 10.0.40219.1
Project("{FAE04EC0-301F-11D3-BF4B-00C04F79EFBC}") = "Stitches", "Stitches\Stitches.csproj", "{2AAF07C3-DE71-40F1-887C-192550426143}"
EndProject
Project("{9A19103F-16F7-4668-BE54-9A1E7A4F7556}") = "Renzokku", "D:\4\ІЗВП\Renzoku\Renzoku\Renzokku.csproj", "{4D3C253F-A1AD-4D75-8160-B02C2063A2FA}"
EndProject
Global
	GlobalSection(SolutionConfigurationPlatforms) = preSolution
		Debug|Any CPU = Debug|Any CPU
		Release|Any CPU = Release|Any CPU
	EndGlobalSection
	GlobalSection(ProjectConfigurationPlatforms) = postSolution
		{2AAF07C3-DE71-40F1-887C-192550426143}.Debug|Any CPU.ActiveCfg = Debug|Any CPU
		{2AAF07C3-DE71-40F1-887C-192550426143}.Debug|Any CPU.Build.0 = Debug|Any CPU
		{2AAF07C3-DE71-40F1-887C-192550426143}.Release|Any CPU.ActiveCfg = Release|Any CPU
		{2AAF07C3-DE71-40F1-887C-192550426143}.Release|Any CPU.Build.0 = Release|Any CPU
		{4D3C253F-A1AD-4D75-8160-B02C2063A2FA}.Debug|Any CPU.ActiveCfg = Debug|Any CPU
		{4D3C253F-A1AD-4D75-8160-B02C2063A2FA}.Debug|Any CPU.Build.0 = Debug|Any CPU
		{4D3C253F-A1AD-4D75-8160-B02C2063A2FA}.Release|Any CPU.ActiveCfg = Release|Any CPU
		{4D3C253F-A1AD-4D75-8160-B02C2063A2FA}.Release|Any CPU.Build.0 = Release|Any CPU
	EndGlobalSection
	GlobalSection(SolutionProperties) = preSolution
		HideSolutionNode = FALSE
	EndGlobalSection
	GlobalSection(ExtensibilityGlobals) = postSolution
		SolutionGuid = {2E420FF3-0940-4DC4-8D8E-25028ECBAD1E}
	EndGlobalSection
EndGlobal
